
Microsoft Visual Studio Solution File, Format Version 12.00
# Visual Studio 15
VisualStudioVersion = 15.0.28307.902
MinimumVisualStudioVersion = 10.0.40219.1
Project("{FAE04EC0-301F-11D3-BF4B-00C04F79EFBC}") = "MyFirstCoreApi", "MyFirstCoreApi\MyFirstCoreApi.csproj", "{1FB3369F-8625-4488-A19D-84A2EEEFBD3B}"
EndProject
Global
	GlobalSection(SolutionConfigurationPlatforms) = preSolution
		Debug|Any CPU = Debug|Any CPU
		Release|Any CPU = Release|Any CPU
	EndGlobalSection
	GlobalSection(ProjectConfigurationPlatforms) = postSolution
		{1FB3369F-8625-4488-A19D-84A2EEEFBD3B}.Debug|Any CPU.ActiveCfg = Debug|Any CPU
		{1FB3369F-8625-4488-A19D-84A2EEEFBD3B}.Debug|Any CPU.Build.0 = Debug|Any CPU
		{1FB3369F-8625-4488-A19D-84A2EEEFBD3B}.Release|Any CPU.ActiveCfg = Release|Any CPU
		{1FB3369F-8625-4488-A19D-84A2EEEFBD3B}.Release|Any CPU.Build.0 = Release|Any CPU
	EndGlobalSection
	GlobalSection(SolutionProperties) = preSolution
		HideSolutionNode = FALSE
	EndGlobalSection
	GlobalSection(ExtensibilityGlobals) = postSolution
		SolutionGuid = {E88DBC19-3994-47D0-AFA5-B2948AB71B59}
	EndGlobalSection
EndGlobal
